<?xml version="1.0" encoding="utf-8"?>
<Project ToolsVersion="4.0" xmlns="http://schemas.microsoft.com/developer/msbuild/2003">
  <ItemGroup>
    <Filter Include="소스 파일">
      <UniqueIdentifier>{4FC737F1-C7A5-4376-A066-2A32D752A2FF}</UniqueIdentifier>
      <Extensions>cpp;c;cc;cxx;c++;cppm;ixx;def;odl;idl;hpj;bat;asm;asmx</Extensions>
    </Filter>
    <Filter Include="헤더 파일">
      <UniqueIdentifier>{93995380-89BD-4b04-88EB-625FBE52EBFB}</UniqueIdentifier>
      <Extensions>h;hh;hpp;hxx;h++;hm;inl;inc;ipp;xsd</Extensions>
    </Filter>
    <Filter Include="리소스 파일">
      <UniqueIdentifier>{67DA6AB6-F800-4c08-8B7A-83BB121AAD01}</UniqueIdentifier>
      <Extensions>rc;ico;cur;bmp;dlg;rc2;rct;bin;rgs;gif;jpg;jpeg;jpe;resx;tiff;tif;png;wav;mfcribbon-ms</Extensions>
    </Filter>
    <Filter Include="01. Manager">
      <UniqueIdentifier>{4f8fa7e7-32ba-43ee-b9b8-0afdb951c59c}</UniqueIdentifier>
    </Filter>
    <Filter Include="02. Resource">
      <UniqueIdentifier>{ab790fd6-2f6e-4e66-a165-19454764d717}</UniqueIdentifier>
    </Filter>
    <Filter Include="03. Scene">
      <UniqueIdentifier>{e499b850-c38f-4e65-9574-fe325859cea3}</UniqueIdentifier>
    </Filter>
    <Filter Include="04. GameObject">
      <UniqueIdentifier>{07f98b1b-1538-4bbf-9c1e-27205942af85}</UniqueIdentifier>
    </Filter>
    <Filter Include="05. Component">
      <UniqueIdentifier>{b91ce72c-833a-42c5-a3bc-f7fde62ccfef}</UniqueIdentifier>
    </Filter>
    <Filter Include="06. Render">
      <UniqueIdentifier>{3e59149b-1bb0-4967-b8d2-6084e093a1f2}</UniqueIdentifier>
    </Filter>
    <Filter Include="07. Editor">
      <UniqueIdentifier>{fde4f4ad-3d04-4eb1-b12e-6f69bfb1e024}</UniqueIdentifier>
    </Filter>
    <Filter Include="08. Animation">
      <UniqueIdentifier>{714647fb-f268-4792-b68b-68183f73b036}</UniqueIdentifier>
    </Filter>
    <Filter Include="09. UI">
      <UniqueIdentifier>{45c56e51-34ea-4ffe-8f0d-17b88990b907}</UniqueIdentifier>
    </Filter>
    <Filter Include="01. Manager\01. Device">
      <UniqueIdentifier>{3803c76d-99fa-430a-8511-2309aa1fabb9}</UniqueIdentifier>
    </Filter>
    <Filter Include="01. Manager\02. Math">
      <UniqueIdentifier>{305c95de-2f77-4e7e-98c6-3f12e2ed24d0}</UniqueIdentifier>
    </Filter>
    <Filter Include="01. Manager\03. Ref">
      <UniqueIdentifier>{4068f989-fcda-430f-8c92-194bd17b7167}</UniqueIdentifier>
    </Filter>
    <Filter Include="01. Manager\04. Timer">
      <UniqueIdentifier>{cccc6a2b-cb83-4c70-b6b4-4c42fa05f154}</UniqueIdentifier>
    </Filter>
    <Filter Include="01. Manager\05. Path">
      <UniqueIdentifier>{149a5afe-48cb-4c60-af31-2696dbb37583}</UniqueIdentifier>
    </Filter>
    <Filter Include="01. Manager\06. Input">
      <UniqueIdentifier>{c4aba3ee-c8b3-4f7a-8897-aecc8af13544}</UniqueIdentifier>
    </Filter>
    <Filter Include="01. Manager\07. Collidion">
      <UniqueIdentifier>{319c6b66-8cb6-49c1-9240-0c4445cabfea}</UniqueIdentifier>
    </Filter>
    <Filter Include="01. Manager\08. Setting">
      <UniqueIdentifier>{7519c107-9440-410a-8213-2f7c65e527da}</UniqueIdentifier>
    </Filter>
    <Filter Include="02. Resource\01. Mesh">
      <UniqueIdentifier>{98bc30e3-31c4-4248-9a2c-0624848da8cf}</UniqueIdentifier>
    </Filter>
    <Filter Include="02. Resource\02. Shader">
      <UniqueIdentifier>{1a814f72-1c57-47fb-922a-9bee6001d8d5}</UniqueIdentifier>
    </Filter>
    <Filter Include="02. Resource\03. Texture">
      <UniqueIdentifier>{71765bf1-81eb-451f-af02-c26d8dc87a7b}</UniqueIdentifier>
    </Filter>
    <Filter Include="02. Resource\04. Material">
      <UniqueIdentifier>{24425c33-cc14-4d41-acf5-574d29704f06}</UniqueIdentifier>
    </Filter>
    <Filter Include="02. Resource\05. Animation">
      <UniqueIdentifier>{07558081-a578-431e-a93f-92a260ce9818}</UniqueIdentifier>
    </Filter>
    <Filter Include="02. Resource\06. Sound">
      <UniqueIdentifier>{dd5d5f7f-7437-4491-8e56-17b43b0a5ec9}</UniqueIdentifier>
    </Filter>
    <Filter Include="02. Resource\07. Font">
      <UniqueIdentifier>{871dfd57-74ff-4d26-90a3-ed627d167e2f}</UniqueIdentifier>
    </Filter>
    <Filter Include="02. Resource\06. Sound\01. FMOD">
      <UniqueIdentifier>{771ff2d0-c137-4cbf-8302-72429974c063}</UniqueIdentifier>
    </Filter>
  </ItemGroup>
  <ItemGroup>
    <ClInclude Include="EngineInfo.h">
      <Filter>헤더 파일</Filter>
    </ClInclude>
    <ClInclude Include="Flag.h">
      <Filter>헤더 파일</Filter>
    </ClInclude>
    <ClInclude Include="Engine.h">
      <Filter>01. Manager</Filter>
    </ClInclude>
    <ClInclude Include="Device.h">
      <Filter>01. Manager\01. Device</Filter>
    </ClInclude>
    <ClInclude Include="Matrix.h">
      <Filter>01. Manager\02. Math</Filter>
    </ClInclude>
    <ClInclude Include="Vector2.h">
      <Filter>01. Manager\02. Math</Filter>
    </ClInclude>
    <ClInclude Include="Vector3.h">
      <Filter>01. Manager\02. Math</Filter>
    </ClInclude>
    <ClInclude Include="Vector4.h">
      <Filter>01. Manager\02. Math</Filter>
    </ClInclude>
    <ClInclude Include="Ref.h">
      <Filter>01. Manager\03. Ref</Filter>
    </ClInclude>
    <ClInclude Include="Timer.h">
      <Filter>01. Manager\04. Timer</Filter>
    </ClInclude>
    <ClInclude Include="PathManager.h">
      <Filter>01. Manager\05. Path</Filter>
    </ClInclude>
    <ClInclude Include="EngineMath.h">
      <Filter>01. Manager\02. Math</Filter>
    </ClInclude>
    <ClInclude Include="Input.h">
      <Filter>01. Manager\06. Input</Filter>
    </ClInclude>
    <ClInclude Include="EngineSetting.h">
      <Filter>01. Manager\08. Setting</Filter>
    </ClInclude>
    <ClInclude Include="Resource\ResourceManager.h">
      <Filter>02. Resource</Filter>
    </ClInclude>
    <ClInclude Include="Resource\Mesh\MeshManager.h">
      <Filter>02. Resource\01. Mesh</Filter>
    </ClInclude>
    <ClInclude Include="Resource\Shader\ShaderManager.h">
      <Filter>02. Resource\02. Shader</Filter>
    </ClInclude>
    <ClInclude Include="Resource\Texture\TextureManager.h">
      <Filter>02. Resource\03. Texture</Filter>
    </ClInclude>
    <ClInclude Include="Resource\Material\MaterialManager.h">
      <Filter>02. Resource\04. Material</Filter>
    </ClInclude>
    <ClInclude Include="Resource\Animation\AnimationManager.h">
      <Filter>02. Resource\05. Animation</Filter>
    </ClInclude>
    <ClInclude Include="Resource\Sound\SoundManager.h">
      <Filter>02. Resource\06. Sound</Filter>
    </ClInclude>
    <ClInclude Include="Resource\Font\FontManager.h">
      <Filter>02. Resource\07. Font</Filter>
    </ClInclude>
    <ClInclude Include="fmod.h">
      <Filter>02. Resource\06. Sound\01. FMOD</Filter>
    </ClInclude>
    <ClInclude Include="fmod.hpp">
      <Filter>02. Resource\06. Sound\01. FMOD</Filter>
    </ClInclude>
    <ClInclude Include="fmod_codec.h">
      <Filter>02. Resource\06. Sound\01. FMOD</Filter>
    </ClInclude>
    <ClInclude Include="fmod_common.h">
      <Filter>02. Resource\06. Sound\01. FMOD</Filter>
    </ClInclude>
    <ClInclude Include="fmod_dsp.h">
      <Filter>02. Resource\06. Sound\01. FMOD</Filter>
    </ClInclude>
    <ClInclude Include="fmod_dsp_effects.h">
      <Filter>02. Resource\06. Sound\01. FMOD</Filter>
    </ClInclude>
    <ClInclude Include="fmod_errors.h">
      <Filter>02. Resource\06. Sound\01. FMOD</Filter>
    </ClInclude>
    <ClInclude Include="fmod_output.h">
      <Filter>02. Resource\06. Sound\01. FMOD</Filter>
    </ClInclude>
    <ClInclude Include="Resource\Texture\DirectXTex.h">
      <Filter>02. Resource\03. Texture</Filter>
    </ClInclude>
  </ItemGroup>
  <ItemGroup>
    <ClCompile Include="Engine.cpp">
      <Filter>01. Manager</Filter>
    </ClCompile>
    <ClCompile Include="Device.cpp">
      <Filter>01. Manager\01. Device</Filter>
    </ClCompile>
    <ClCompile Include="Matrix.cpp">
      <Filter>01. Manager\02. Math</Filter>
    </ClCompile>
    <ClCompile Include="Vector2.cpp">
      <Filter>01. Manager\02. Math</Filter>
    </ClCompile>
    <ClCompile Include="Vector3.cpp">
      <Filter>01. Manager\02. Math</Filter>
    </ClCompile>
    <ClCompile Include="Vector4.cpp">
      <Filter>01. Manager\02. Math</Filter>
    </ClCompile>
    <ClCompile Include="Ref.cpp">
      <Filter>01. Manager\03. Ref</Filter>
    </ClCompile>
    <ClCompile Include="Timer.cpp">
      <Filter>01. Manager\04. Timer</Filter>
    </ClCompile>
    <ClCompile Include="PathManager.cpp">
      <Filter>01. Manager\05. Path</Filter>
    </ClCompile>
    <ClCompile Include="Input.cpp">
      <Filter>01. Manager\06. Input</Filter>
    </ClCompile>
    <ClCompile Include="EngineSetting.cpp">
      <Filter>01. Manager\08. Setting</Filter>
    </ClCompile>
    <ClCompile Include="Resource\ResourceManager.cpp">
      <Filter>02. Resource</Filter>
    </ClCompile>
    <ClCompile Include="Resource\Mesh\MeshManager.cpp">
      <Filter>02. Resource\01. Mesh</Filter>
    </ClCompile>
    <ClCompile Include="Resource\Shader\ShaderManager.cpp">
      <Filter>02. Resource\02. Shader</Filter>
    </ClCompile>
    <ClCompile Include="Resource\Texture\TextureManager.cpp">
      <Filter>02. Resource\03. Texture</Filter>
    </ClCompile>
    <ClCompile Include="Resource\Material\MaterialManager.cpp">
      <Filter>02. Resource\04. Material</Filter>
    </ClCompile>
    <ClCompile Include="Resource\Animation\AnimationManager.cpp">
      <Filter>02. Resource\05. Animation</Filter>
    </ClCompile>
    <ClCompile Include="Resource\Sound\SoundManager.cpp">
      <Filter>02. Resource\06. Sound</Filter>
    </ClCompile>
    <ClCompile Include="Resource\Font\FontManager.cpp">
      <Filter>02. Resource\07. Font</Filter>
    </ClCompile>
  </ItemGroup>
  <ItemGroup>
    <None Include="fmod.cs">
      <Filter>02. Resource\06. Sound\01. FMOD</Filter>
    </None>
    <None Include="fmod_dsp.cs">
      <Filter>02. Resource\06. Sound\01. FMOD</Filter>
    </None>
    <None Include="fmod_errors.cs">
      <Filter>02. Resource\06. Sound\01. FMOD</Filter>
    </None>
    <None Include="Resource\Texture\DirectXTex.inl">
      <Filter>02. Resource\03. Texture</Filter>
    </None>
  </ItemGroup>
</Project>